// !$*UTF8*$!
{
	archiveVersion = 1;
	classes = {
	};
	objectVersion = 77;
	objects = {

/* Begin PBXBuildFile section */
		FC0C76D12DA6EA6E0017B608 /* Preview Assets.xcassets in Resources */ = {isa = PBXBuildFile; fileRef = FC0C76CB2DA6EA6E0017B608 /* Preview Assets.xcassets */; };
		FC0C76D22DA6EA6E0017B608 /* Assets.xcassets in Resources */ = {isa = PBXBuildFile; fileRef = FC0C76CD2DA6EA6E0017B608 /* Assets.xcassets */; };
		FC0C76D32DA6EA6E0017B608 /* ContentView.swift in Sources */ = {isa = PBXBuildFile; fileRef = FC0C76CE2DA6EA6E0017B608 /* ContentView.swift */; };
		FC0C76D42DA6EA6E0017B608 /* EmpleadosAPIApp.swift in Sources */ = {isa = PBXBuildFile; fileRef = FC0C76CF2DA6EA6E0017B608 /* EmpleadosAPIApp.swift */; };
		FC0C76D72DA6EAAF0017B608 /* EmpleadoDTO.swift in Sources */ = {isa = PBXBuildFile; fileRef = FC0C76D62DA6EAAF0017B608 /* EmpleadoDTO.swift */; };
		FC0C76D92DA6EB210017B608 /* Empleado.swift in Sources */ = {isa = PBXBuildFile; fileRef = FC0C76D82DA6EB210017B608 /* Empleado.swift */; };
		FC0C76DB2DA6EB420017B608 /* Enums.swift in Sources */ = {isa = PBXBuildFile; fileRef = FC0C76DA2DA6EB420017B608 /* Enums.swift */; };
		FC0C76DF2DA6ED7F0017B608 /* URL.swift in Sources */ = {isa = PBXBuildFile; fileRef = FC0C76DE2DA6ED7F0017B608 /* URL.swift */; };
		FC0C76E12DA703FC0017B608 /* URLRequest.swift in Sources */ = {isa = PBXBuildFile; fileRef = FC0C76E02DA703FC0017B608 /* URLRequest.swift */; };
		FC0C76E32DA707290017B608 /* NetworkError.swift in Sources */ = {isa = PBXBuildFile; fileRef = FC0C76E22DA707290017B608 /* NetworkError.swift */; };
		FC0C76E52DA7079A0017B608 /* URLSession.swift in Sources */ = {isa = PBXBuildFile; fileRef = FC0C76E42DA7079A0017B608 /* URLSession.swift */; };
		FC0C76E72DA7084E0017B608 /* NetworkInteractor.swift in Sources */ = {isa = PBXBuildFile; fileRef = FC0C76E62DA7084E0017B608 /* NetworkInteractor.swift */; };
		FC0C76EA2DA70BAA0017B608 /* Repository.swift in Sources */ = {isa = PBXBuildFile; fileRef = FC0C76E92DA70BAA0017B608 /* Repository.swift */; };
		FC0C76EC2DA70E1F0017B608 /* APIDTO.swift in Sources */ = {isa = PBXBuildFile; fileRef = FC0C76EB2DA70E1F0017B608 /* APIDTO.swift */; };
		FC0C76EF2DA7111C0017B608 /* EmpleadosVM.swift in Sources */ = {isa = PBXBuildFile; fileRef = FC0C76EE2DA7111C0017B608 /* EmpleadosVM.swift */; };
		FC0C76F22DA7176C0017B608 /* RepositoryTest.swift in Sources */ = {isa = PBXBuildFile; fileRef = FC0C76F12DA7176C0017B608 /* RepositoryTest.swift */; };
		FC0C76F42DA71A3E0017B608 /* EmpleadosTesting.json in Resources */ = {isa = PBXBuildFile; fileRef = FC0C76F32DA71A3E0017B608 /* EmpleadosTesting.json */; };
		FC12C4E92DA839F2005F0193 /* EmpleadoCell.swift in Sources */ = {isa = PBXBuildFile; fileRef = FC12C4E82DA839F2005F0193 /* EmpleadoCell.swift */; };
		FC12C4EC2DA83A2C005F0193 /* EmpleadoAvatarOld.swift in Sources */ = {isa = PBXBuildFile; fileRef = FC12C4EB2DA83A2C005F0193 /* EmpleadoAvatarOld.swift */; };
		FC12C4EE2DA83AE8005F0193 /* EmpleadoEditView.swift in Sources */ = {isa = PBXBuildFile; fileRef = FC12C4ED2DA83AE8005F0193 /* EmpleadoEditView.swift */; };
		FC12C4F02DA83AFD005F0193 /* EmpleadoEditVM.swift in Sources */ = {isa = PBXBuildFile; fileRef = FC12C4EF2DA83AFD005F0193 /* EmpleadoEditVM.swift */; };
		FC12C4F22DA841F2005F0193 /* ImageDownloader.swift in Sources */ = {isa = PBXBuildFile; fileRef = FC12C4F12DA841F2005F0193 /* ImageDownloader.swift */; };
		FC12C4F42DA843E6005F0193 /* AsyncImageVM.swift in Sources */ = {isa = PBXBuildFile; fileRef = FC12C4F32DA843E6005F0193 /* AsyncImageVM.swift */; };
		FC12C4F62DA85F51005F0193 /* EmpleadoAvatar.swift in Sources */ = {isa = PBXBuildFile; fileRef = FC12C4F52DA85F51005F0193 /* EmpleadoAvatar.swift */; };
/* End PBXBuildFile section */

/* Begin PBXFileReference section */
		FC0C76BA2DA6EA660017B608 /* EmpleadosAPI.app */ = {isa = PBXFileReference; explicitFileType = wrapper.application; includeInIndex = 0; path = EmpleadosAPI.app; sourceTree = BUILT_PRODUCTS_DIR; };
		FC0C76CB2DA6EA6E0017B608 /* Preview Assets.xcassets */ = {isa = PBXFileReference; lastKnownFileType = folder.assetcatalog; path = "Preview Assets.xcassets"; sourceTree = "<group>"; };
		FC0C76CD2DA6EA6E0017B608 /* Assets.xcassets */ = {isa = PBXFileReference; lastKnownFileType = folder.assetcatalog; path = Assets.xcassets; sourceTree = "<group>"; };
		FC0C76CE2DA6EA6E0017B608 /* ContentView.swift */ = {isa = PBXFileReference; lastKnownFileType = sourcecode.swift; path = ContentView.swift; sourceTree = "<group>"; };
		FC0C76CF2DA6EA6E0017B608 /* EmpleadosAPIApp.swift */ = {isa = PBXFileReference; lastKnownFileType = sourcecode.swift; path = EmpleadosAPIApp.swift; sourceTree = "<group>"; };
		FC0C76D62DA6EAAF0017B608 /* EmpleadoDTO.swift */ = {isa = PBXFileReference; lastKnownFileType = sourcecode.swift; path = EmpleadoDTO.swift; sourceTree = "<group>"; };
		FC0C76D82DA6EB210017B608 /* Empleado.swift */ = {isa = PBXFileReference; lastKnownFileType = sourcecode.swift; path = Empleado.swift; sourceTree = "<group>"; };
		FC0C76DA2DA6EB420017B608 /* Enums.swift */ = {isa = PBXFileReference; lastKnownFileType = sourcecode.swift; path = Enums.swift; sourceTree = "<group>"; };
		FC0C76DE2DA6ED7F0017B608 /* URL.swift */ = {isa = PBXFileReference; lastKnownFileType = sourcecode.swift; path = URL.swift; sourceTree = "<group>"; };
		FC0C76E02DA703FC0017B608 /* URLRequest.swift */ = {isa = PBXFileReference; lastKnownFileType = sourcecode.swift; path = URLRequest.swift; sourceTree = "<group>"; };
		FC0C76E22DA707290017B608 /* NetworkError.swift */ = {isa = PBXFileReference; lastKnownFileType = sourcecode.swift; path = NetworkError.swift; sourceTree = "<group>"; };
		FC0C76E42DA7079A0017B608 /* URLSession.swift */ = {isa = PBXFileReference; lastKnownFileType = sourcecode.swift; path = URLSession.swift; sourceTree = "<group>"; };
		FC0C76E62DA7084E0017B608 /* NetworkInteractor.swift */ = {isa = PBXFileReference; lastKnownFileType = sourcecode.swift; path = NetworkInteractor.swift; sourceTree = "<group>"; };
		FC0C76E92DA70BAA0017B608 /* Repository.swift */ = {isa = PBXFileReference; lastKnownFileType = sourcecode.swift; path = Repository.swift; sourceTree = "<group>"; };
		FC0C76EB2DA70E1F0017B608 /* APIDTO.swift */ = {isa = PBXFileReference; lastKnownFileType = sourcecode.swift; path = APIDTO.swift; sourceTree = "<group>"; };
		FC0C76EE2DA7111C0017B608 /* EmpleadosVM.swift */ = {isa = PBXFileReference; lastKnownFileType = sourcecode.swift; path = EmpleadosVM.swift; sourceTree = "<group>"; };
		FC0C76F12DA7176C0017B608 /* RepositoryTest.swift */ = {isa = PBXFileReference; lastKnownFileType = sourcecode.swift; path = RepositoryTest.swift; sourceTree = "<group>"; };
		FC0C76F32DA71A3E0017B608 /* EmpleadosTesting.json */ = {isa = PBXFileReference; lastKnownFileType = text.json; path = EmpleadosTesting.json; sourceTree = "<group>"; };
		FC12C4E82DA839F2005F0193 /* EmpleadoCell.swift */ = {isa = PBXFileReference; lastKnownFileType = sourcecode.swift; path = EmpleadoCell.swift; sourceTree = "<group>"; };
		FC12C4EB2DA83A2C005F0193 /* EmpleadoAvatarOld.swift */ = {isa = PBXFileReference; lastKnownFileType = sourcecode.swift; path = EmpleadoAvatarOld.swift; sourceTree = "<group>"; };
		FC12C4ED2DA83AE8005F0193 /* EmpleadoEditView.swift */ = {isa = PBXFileReference; lastKnownFileType = sourcecode.swift; path = EmpleadoEditView.swift; sourceTree = "<group>"; };
		FC12C4EF2DA83AFD005F0193 /* EmpleadoEditVM.swift */ = {isa = PBXFileReference; lastKnownFileType = sourcecode.swift; path = EmpleadoEditVM.swift; sourceTree = "<group>"; };
		FC12C4F12DA841F2005F0193 /* ImageDownloader.swift */ = {isa = PBXFileReference; lastKnownFileType = sourcecode.swift; path = ImageDownloader.swift; sourceTree = "<group>"; };
		FC12C4F32DA843E6005F0193 /* AsyncImageVM.swift */ = {isa = PBXFileReference; lastKnownFileType = sourcecode.swift; path = AsyncImageVM.swift; sourceTree = "<group>"; };
		FC12C4F52DA85F51005F0193 /* EmpleadoAvatar.swift */ = {isa = PBXFileReference; lastKnownFileType = sourcecode.swift; path = EmpleadoAvatar.swift; sourceTree = "<group>"; };
/* End PBXFileReference section */

/* Begin PBXFrameworksBuildPhase section */
		FC0C76B72DA6EA660017B608 /* Frameworks */ = {
			isa = PBXFrameworksBuildPhase;
			buildActionMask = 2147483647;
			files = (
			);
			runOnlyForDeploymentPostprocessing = 0;
		};
/* End PBXFrameworksBuildPhase section */

/* Begin PBXGroup section */
		FC0C76B12DA6EA660017B608 = {
			isa = PBXGroup;
			children = (
				FC0C76D02DA6EA6E0017B608 /* EmpleadosAPI */,
				FC0C76BB2DA6EA660017B608 /* Products */,
			);
			sourceTree = "<group>";
		};
		FC0C76BB2DA6EA660017B608 /* Products */ = {
			isa = PBXGroup;
			children = (
				FC0C76BA2DA6EA660017B608 /* EmpleadosAPI.app */,
			);
			name = Products;
			sourceTree = "<group>";
		};
		FC0C76CC2DA6EA6E0017B608 /* Preview Content */ = {
			isa = PBXGroup;
			children = (
				FC0C76CB2DA6EA6E0017B608 /* Preview Assets.xcassets */,
			);
			path = "Preview Content";
			sourceTree = "<group>";
		};
		FC0C76D02DA6EA6E0017B608 /* EmpleadosAPI */ = {
			isa = PBXGroup;
			children = (
				FC0C76CE2DA6EA6E0017B608 /* ContentView.swift */,
				FC12C4ED2DA83AE8005F0193 /* EmpleadoEditView.swift */,
				FC12C4EA2DA83A19005F0193 /* Components */,
				FC0C76ED2DA711010017B608 /* ViewModels */,
				FC0C76E82DA70B880017B608 /* Repository */,
				FC0C76DD2DA6ECB00017B608 /* Interface */,
				FC0C76D52DA6EA990017B608 /* Model */,
				FC0C76F02DA717330017B608 /* Resources */,
				FC0C76CC2DA6EA6E0017B608 /* Preview Content */,
				FC0C76CD2DA6EA6E0017B608 /* Assets.xcassets */,
				FC0C76CF2DA6EA6E0017B608 /* EmpleadosAPIApp.swift */,
			);
			path = EmpleadosAPI;
			sourceTree = "<group>";
		};
		FC0C76D52DA6EA990017B608 /* Model */ = {
			isa = PBXGroup;
			children = (
				FC0C76D62DA6EAAF0017B608 /* EmpleadoDTO.swift */,
				FC0C76D82DA6EB210017B608 /* Empleado.swift */,
				FC0C76DA2DA6EB420017B608 /* Enums.swift */,
				FC0C76EB2DA70E1F0017B608 /* APIDTO.swift */,
			);
			path = Model;
			sourceTree = "<group>";
		};
		FC0C76DD2DA6ECB00017B608 /* Interface */ = {
			isa = PBXGroup;
			children = (
				FC0C76DE2DA6ED7F0017B608 /* URL.swift */,
				FC0C76E22DA707290017B608 /* NetworkError.swift */,
				FC0C76E42DA7079A0017B608 /* URLSession.swift */,
				FC0C76E02DA703FC0017B608 /* URLRequest.swift */,
				FC0C76E62DA7084E0017B608 /* NetworkInteractor.swift */,
			);
			path = Interface;
			sourceTree = "<group>";
		};
		FC0C76E82DA70B880017B608 /* Repository */ = {
			isa = PBXGroup;
			children = (
				FC0C76E92DA70BAA0017B608 /* Repository.swift */,
				FC0C76F12DA7176C0017B608 /* RepositoryTest.swift */,
				FC12C4F12DA841F2005F0193 /* ImageDownloader.swift */,
			);
			path = Repository;
			sourceTree = "<group>";
		};
		FC0C76ED2DA711010017B608 /* ViewModels */ = {
			isa = PBXGroup;
			children = (
				FC0C76EE2DA7111C0017B608 /* EmpleadosVM.swift */,
				FC12C4EF2DA83AFD005F0193 /* EmpleadoEditVM.swift */,
				FC12C4F32DA843E6005F0193 /* AsyncImageVM.swift */,
			);
			path = ViewModels;
			sourceTree = "<group>";
		};
		FC0C76F02DA717330017B608 /* Resources */ = {
			isa = PBXGroup;
			children = (
				FC0C76F32DA71A3E0017B608 /* EmpleadosTesting.json */,
			);
			path = Resources;
			sourceTree = "<group>";
		};
		FC12C4EA2DA83A19005F0193 /* Components */ = {
			isa = PBXGroup;
			children = (
				FC12C4E82DA839F2005F0193 /* EmpleadoCell.swift */,
				FC12C4EB2DA83A2C005F0193 /* EmpleadoAvatarOld.swift */,
				FC12C4F52DA85F51005F0193 /* EmpleadoAvatar.swift */,
			);
			path = Components;
			sourceTree = "<group>";
		};
/* End PBXGroup section */

/* Begin PBXNativeTarget section */
		FC0C76B92DA6EA660017B608 /* EmpleadosAPI */ = {
			isa = PBXNativeTarget;
			buildConfigurationList = FC0C76C82DA6EA670017B608 /* Build configuration list for PBXNativeTarget "EmpleadosAPI" */;
			buildPhases = (
				FC0C76B62DA6EA660017B608 /* Sources */,
				FC0C76B72DA6EA660017B608 /* Frameworks */,
				FC0C76B82DA6EA660017B608 /* Resources */,
			);
			buildRules = (
			);
			dependencies = (
			);
			name = EmpleadosAPI;
			packageProductDependencies = (
			);
			productName = EmpleadosAPI;
			productReference = FC0C76BA2DA6EA660017B608 /* EmpleadosAPI.app */;
			productType = "com.apple.product-type.application";
		};
/* End PBXNativeTarget section */

/* Begin PBXProject section */
		FC0C76B22DA6EA660017B608 /* Project object */ = {
			isa = PBXProject;
			attributes = {
				BuildIndependentTargetsInParallel = 1;
				LastSwiftUpdateCheck = 1620;
				LastUpgradeCheck = 1620;
				TargetAttributes = {
					FC0C76B92DA6EA660017B608 = {
						CreatedOnToolsVersion = 16.2;
					};
				};
			};
			buildConfigurationList = FC0C76B52DA6EA660017B608 /* Build configuration list for PBXProject "EmpleadosAPI" */;
			developmentRegion = en;
			hasScannedForEncodings = 0;
			knownRegions = (
				en,
				Base,
			);
			mainGroup = FC0C76B12DA6EA660017B608;
			minimizedProjectReferenceProxies = 1;
			preferredProjectObjectVersion = 77;
			productRefGroup = FC0C76BB2DA6EA660017B608 /* Products */;
			projectDirPath = "";
			projectRoot = "";
			targets = (
				FC0C76B92DA6EA660017B608 /* EmpleadosAPI */,
			);
		};
/* End PBXProject section */

/* Begin PBXResourcesBuildPhase section */
		FC0C76B82DA6EA660017B608 /* Resources */ = {
			isa = PBXResourcesBuildPhase;
			buildActionMask = 2147483647;
			files = (
				FC0C76F42DA71A3E0017B608 /* EmpleadosTesting.json in Resources */,
				FC0C76D12DA6EA6E0017B608 /* Preview Assets.xcassets in Resources */,
				FC0C76D22DA6EA6E0017B608 /* Assets.xcassets in Resources */,
			);
			runOnlyForDeploymentPostprocessing = 0;
		};
/* End PBXResourcesBuildPhase section */

/* Begin PBXSourcesBuildPhase section */
		FC0C76B62DA6EA660017B608 /* Sources */ = {
			isa = PBXSourcesBuildPhase;
			buildActionMask = 2147483647;
			files = (
				FC12C4E92DA839F2005F0193 /* EmpleadoCell.swift in Sources */,
				FC0C76EC2DA70E1F0017B608 /* APIDTO.swift in Sources */,
				FC0C76D92DA6EB210017B608 /* Empleado.swift in Sources */,
				FC0C76E32DA707290017B608 /* NetworkError.swift in Sources */,
				FC0C76E12DA703FC0017B608 /* URLRequest.swift in Sources */,
				FC12C4F02DA83AFD005F0193 /* EmpleadoEditVM.swift in Sources */,
				FC12C4EC2DA83A2C005F0193 /* EmpleadoAvatarOld.swift in Sources */,
				FC0C76D32DA6EA6E0017B608 /* ContentView.swift in Sources */,
				FC12C4F22DA841F2005F0193 /* ImageDownloader.swift in Sources */,
				FC0C76DB2DA6EB420017B608 /* Enums.swift in Sources */,
				FC0C76EA2DA70BAA0017B608 /* Repository.swift in Sources */,
				FC0C76E52DA7079A0017B608 /* URLSession.swift in Sources */,
				FC0C76D72DA6EAAF0017B608 /* EmpleadoDTO.swift in Sources */,
				FC12C4F42DA843E6005F0193 /* AsyncImageVM.swift in Sources */,
				FC12C4F62DA85F51005F0193 /* EmpleadoAvatar.swift in Sources */,
				FC0C76E72DA7084E0017B608 /* NetworkInteractor.swift in Sources */,
				FC12C4EE2DA83AE8005F0193 /* EmpleadoEditView.swift in Sources */,
				FC0C76D42DA6EA6E0017B608 /* EmpleadosAPIApp.swift in Sources */,
				FC0C76F22DA7176C0017B608 /* RepositoryTest.swift in Sources */,
				FC0C76DF2DA6ED7F0017B608 /* URL.swift in Sources */,
				FC0C76EF2DA7111C0017B608 /* EmpleadosVM.swift in Sources */,
			);
			runOnlyForDeploymentPostprocessing = 0;
		};
/* End PBXSourcesBuildPhase section */

/* Begin XCBuildConfiguration section */
		FC0C76C62DA6EA670017B608 /* Debug */ = {
			isa = XCBuildConfiguration;
			buildSettings = {
				ALWAYS_SEARCH_USER_PATHS = NO;
				ASSETCATALOG_COMPILER_GENERATE_SWIFT_ASSET_SYMBOL_EXTENSIONS = YES;
				CLANG_ANALYZER_NONNULL = YES;
				CLANG_ANALYZER_NUMBER_OBJECT_CONVERSION = YES_AGGRESSIVE;
				CLANG_CXX_LANGUAGE_STANDARD = "gnu++20";
				CLANG_ENABLE_MODULES = YES;
				CLANG_ENABLE_OBJC_ARC = YES;
				CLANG_ENABLE_OBJC_WEAK = YES;
				CLANG_WARN_BLOCK_CAPTURE_AUTORELEASING = YES;
				CLANG_WARN_BOOL_CONVERSION = YES;
				CLANG_WARN_COMMA = YES;
				CLANG_WARN_CONSTANT_CONVERSION = YES;
				CLANG_WARN_DEPRECATED_OBJC_IMPLEMENTATIONS = YES;
				CLANG_WARN_DIRECT_OBJC_ISA_USAGE = YES_ERROR;
				CLANG_WARN_DOCUMENTATION_COMMENTS = YES;
				CLANG_WARN_EMPTY_BODY = YES;
				CLANG_WARN_ENUM_CONVERSION = YES;
				CLANG_WARN_INFINITE_RECURSION = YES;
				CLANG_WARN_INT_CONVERSION = YES;
				CLANG_WARN_NON_LITERAL_NULL_CONVERSION = YES;
				CLANG_WARN_OBJC_IMPLICIT_RETAIN_SELF = YES;
				CLANG_WARN_OBJC_LITERAL_CONVERSION = YES;
				CLANG_WARN_OBJC_ROOT_CLASS = YES_ERROR;
				CLANG_WARN_QUOTED_INCLUDE_IN_FRAMEWORK_HEADER = YES;
				CLANG_WARN_RANGE_LOOP_ANALYSIS = YES;
				CLANG_WARN_STRICT_PROTOTYPES = YES;
				CLANG_WARN_SUSPICIOUS_MOVE = YES;
				CLANG_WARN_UNGUARDED_AVAILABILITY = YES_AGGRESSIVE;
				CLANG_WARN_UNREACHABLE_CODE = YES;
				CLANG_WARN__DUPLICATE_METHOD_MATCH = YES;
				COPY_PHASE_STRIP = NO;
				DEBUG_INFORMATION_FORMAT = dwarf;
				ENABLE_STRICT_OBJC_MSGSEND = YES;
				ENABLE_TESTABILITY = YES;
				ENABLE_USER_SCRIPT_SANDBOXING = YES;
				GCC_C_LANGUAGE_STANDARD = gnu17;
				GCC_DYNAMIC_NO_PIC = NO;
				GCC_NO_COMMON_BLOCKS = YES;
				GCC_OPTIMIZATION_LEVEL = 0;
				GCC_PREPROCESSOR_DEFINITIONS = (
					"DEBUG=1",
					"$(inherited)",
				);
				GCC_WARN_64_TO_32_BIT_CONVERSION = YES;
				GCC_WARN_ABOUT_RETURN_TYPE = YES_ERROR;
				GCC_WARN_UNDECLARED_SELECTOR = YES;
				GCC_WARN_UNINITIALIZED_AUTOS = YES_AGGRESSIVE;
				GCC_WARN_UNUSED_FUNCTION = YES;
				GCC_WARN_UNUSED_VARIABLE = YES;
				IPHONEOS_DEPLOYMENT_TARGET = 18.2;
				LOCALIZATION_PREFERS_STRING_CATALOGS = YES;
				MTL_ENABLE_DEBUG_INFO = INCLUDE_SOURCE;
				MTL_FAST_MATH = YES;
				ONLY_ACTIVE_ARCH = YES;
				SDKROOT = iphoneos;
				SWIFT_ACTIVE_COMPILATION_CONDITIONS = "DEBUG $(inherited)";
				SWIFT_OPTIMIZATION_LEVEL = "-Onone";
			};
			name = Debug;
		};
		FC0C76C72DA6EA670017B608 /* Release */ = {
			isa = XCBuildConfiguration;
			buildSettings = {
				ALWAYS_SEARCH_USER_PATHS = NO;
				ASSETCATALOG_COMPILER_GENERATE_SWIFT_ASSET_SYMBOL_EXTENSIONS = YES;
				CLANG_ANALYZER_NONNULL = YES;
				CLANG_ANALYZER_NUMBER_OBJECT_CONVERSION = YES_AGGRESSIVE;
				CLANG_CXX_LANGUAGE_STANDARD = "gnu++20";
				CLANG_ENABLE_MODULES = YES;
				CLANG_ENABLE_OBJC_ARC = YES;
				CLANG_ENABLE_OBJC_WEAK = YES;
				CLANG_WARN_BLOCK_CAPTURE_AUTORELEASING = YES;
				CLANG_WARN_BOOL_CONVERSION = YES;
				CLANG_WARN_COMMA = YES;
				CLANG_WARN_CONSTANT_CONVERSION = YES;
				CLANG_WARN_DEPRECATED_OBJC_IMPLEMENTATIONS = YES;
				CLANG_WARN_DIRECT_OBJC_ISA_USAGE = YES_ERROR;
				CLANG_WARN_DOCUMENTATION_COMMENTS = YES;
				CLANG_WARN_EMPTY_BODY = YES;
				CLANG_WARN_ENUM_CONVERSION = YES;
				CLANG_WARN_INFINITE_RECURSION = YES;
				CLANG_WARN_INT_CONVERSION = YES;
				CLANG_WARN_NON_LITERAL_NULL_CONVERSION = YES;
				CLANG_WARN_OBJC_IMPLICIT_RETAIN_SELF = YES;
				CLANG_WARN_OBJC_LITERAL_CONVERSION = YES;
				CLANG_WARN_OBJC_ROOT_CLASS = YES_ERROR;
				CLANG_WARN_QUOTED_INCLUDE_IN_FRAMEWORK_HEADER = YES;
				CLANG_WARN_RANGE_LOOP_ANALYSIS = YES;
				CLANG_WARN_STRICT_PROTOTYPES = YES;
				CLANG_WARN_SUSPICIOUS_MOVE = YES;
				CLANG_WARN_UNGUARDED_AVAILABILITY = YES_AGGRESSIVE;
				CLANG_WARN_UNREACHABLE_CODE = YES;
				CLANG_WARN__DUPLICATE_METHOD_MATCH = YES;
				COPY_PHASE_STRIP = NO;
				DEBUG_INFORMATION_FORMAT = "dwarf-with-dsym";
				ENABLE_NS_ASSERTIONS = NO;
				ENABLE_STRICT_OBJC_MSGSEND = YES;
				ENABLE_USER_SCRIPT_SANDBOXING = YES;
				GCC_C_LANGUAGE_STANDARD = gnu17;
				GCC_NO_COMMON_BLOCKS = YES;
				GCC_WARN_64_TO_32_BIT_CONVERSION = YES;
				GCC_WARN_ABOUT_RETURN_TYPE = YES_ERROR;
				GCC_WARN_UNDECLARED_SELECTOR = YES;
				GCC_WARN_UNINITIALIZED_AUTOS = YES_AGGRESSIVE;
				GCC_WARN_UNUSED_FUNCTION = YES;
				GCC_WARN_UNUSED_VARIABLE = YES;
				IPHONEOS_DEPLOYMENT_TARGET = 18.2;
				LOCALIZATION_PREFERS_STRING_CATALOGS = YES;
				MTL_ENABLE_DEBUG_INFO = NO;
				MTL_FAST_MATH = YES;
				SDKROOT = iphoneos;
				SWIFT_COMPILATION_MODE = wholemodule;
				VALIDATE_PRODUCT = YES;
			};
			name = Release;
		};
		FC0C76C92DA6EA670017B608 /* Debug */ = {
			isa = XCBuildConfiguration;
			buildSettings = {
				ASSETCATALOG_COMPILER_APPICON_NAME = AppIcon;
				ASSETCATALOG_COMPILER_GLOBAL_ACCENT_COLOR_NAME = AccentColor;
				CODE_SIGN_STYLE = Automatic;
				CURRENT_PROJECT_VERSION = 1;
				DEVELOPMENT_ASSET_PATHS = "\"EmpleadosAPI/Preview Content\"";
				DEVELOPMENT_TEAM = 5GJ4N5ZR45;
				ENABLE_PREVIEWS = YES;
				GENERATE_INFOPLIST_FILE = YES;
				INFOPLIST_KEY_UIApplicationSceneManifest_Generation = YES;
				INFOPLIST_KEY_UIApplicationSupportsIndirectInputEvents = YES;
				INFOPLIST_KEY_UILaunchScreen_Generation = YES;
				INFOPLIST_KEY_UISupportedInterfaceOrientations_iPad = "UIInterfaceOrientationPortrait UIInterfaceOrientationPortraitUpsideDown UIInterfaceOrientationLandscapeLeft UIInterfaceOrientationLandscapeRight";
				INFOPLIST_KEY_UISupportedInterfaceOrientations_iPhone = "UIInterfaceOrientationPortrait UIInterfaceOrientationLandscapeLeft UIInterfaceOrientationLandscapeRight";
				LD_RUNPATH_SEARCH_PATHS = (
					"$(inherited)",
					"@executable_path/Frameworks",
				);
				MARKETING_VERSION = 1.0;
				PRODUCT_BUNDLE_IDENTIFIER = com.jongonzalez.EmpleadosAPI;
				PRODUCT_NAME = "$(TARGET_NAME)";
				SWIFT_EMIT_LOC_STRINGS = YES;
				SWIFT_VERSION = 6.0;
				TARGETED_DEVICE_FAMILY = "1,2";
			};
			name = Debug;
		};
		FC0C76CA2DA6EA670017B608 /* Release */ = {
			isa = XCBuildConfiguration;
			buildSettings = {
				ASSETCATALOG_COMPILER_APPICON_NAME = AppIcon;
				ASSETCATALOG_COMPILER_GLOBAL_ACCENT_COLOR_NAME = AccentColor;
				CODE_SIGN_STYLE = Automatic;
				CURRENT_PROJECT_VERSION = 1;
				DEVELOPMENT_ASSET_PATHS = "\"EmpleadosAPI/Preview Content\"";
				DEVELOPMENT_TEAM = 5GJ4N5ZR45;
				ENABLE_PREVIEWS = YES;
				GENERATE_INFOPLIST_FILE = YES;
				INFOPLIST_KEY_UIApplicationSceneManifest_Generation = YES;
				INFOPLIST_KEY_UIApplicationSupportsIndirectInputEvents = YES;
				INFOPLIST_KEY_UILaunchScreen_Generation = YES;
				INFOPLIST_KEY_UISupportedInterfaceOrientations_iPad = "UIInterfaceOrientationPortrait UIInterfaceOrientationPortraitUpsideDown UIInterfaceOrientationLandscapeLeft UIInterfaceOrientationLandscapeRight";
				INFOPLIST_KEY_UISupportedInterfaceOrientations_iPhone = "UIInterfaceOrientationPortrait UIInterfaceOrientationLandscapeLeft UIInterfaceOrientationLandscapeRight";
				LD_RUNPATH_SEARCH_PATHS = (
					"$(inherited)",
					"@executable_path/Frameworks",
				);
				MARKETING_VERSION = 1.0;
				PRODUCT_BUNDLE_IDENTIFIER = com.jongonzalez.EmpleadosAPI;
				PRODUCT_NAME = "$(TARGET_NAME)";
				SWIFT_EMIT_LOC_STRINGS = YES;
				SWIFT_VERSION = 6.0;
				TARGETED_DEVICE_FAMILY = "1,2";
			};
			name = Release;
		};
/* End XCBuildConfiguration section */

/* Begin XCConfigurationList section */
		FC0C76B52DA6EA660017B608 /* Build configuration list for PBXProject "EmpleadosAPI" */ = {
			isa = XCConfigurationList;
			buildConfigurations = (
				FC0C76C62DA6EA670017B608 /* Debug */,
				FC0C76C72DA6EA670017B608 /* Release */,
			);
			defaultConfigurationIsVisible = 0;
			defaultConfigurationName = Release;
		};
		FC0C76C82DA6EA670017B608 /* Build configuration list for PBXNativeTarget "EmpleadosAPI" */ = {
			isa = XCConfigurationList;
			buildConfigurations = (
				FC0C76C92DA6EA670017B608 /* Debug */,
				FC0C76CA2DA6EA670017B608 /* Release */,
			);
			defaultConfigurationIsVisible = 0;
			defaultConfigurationName = Release;
		};
/* End XCConfigurationList section */
	};
	rootObject = FC0C76B22DA6EA660017B608 /* Project object */;
}
